// !$*UTF8*$!
{
	archiveVersion = 1;
	classes = {
	};
	objectVersion = 56;
	objects = {

/* Begin PBXBuildFile section */
		50DC5B372A5B4816003119E8 /* KeepLangApp.swift in Sources */ = {isa = PBXBuildFile; fileRef = 50DC5B362A5B4816003119E8 /* KeepLangApp.swift */; };
		50DC5B392A5B4816003119E8 /* ContentView.swift in Sources */ = {isa = PBXBuildFile; fileRef = 50DC5B382A5B4816003119E8 /* ContentView.swift */; };
		50DC5B3B2A5B481E003119E8 /* Assets.xcassets in Resources */ = {isa = PBXBuildFile; fileRef = 50DC5B3A2A5B481E003119E8 /* Assets.xcassets */; };
		50DC5B3E2A5B481E003119E8 /* Preview Assets.xcassets in Resources */ = {isa = PBXBuildFile; fileRef = 50DC5B3D2A5B481E003119E8 /* Preview Assets.xcassets */; };
		50DC5B4B2A5B4850003119E8 /* KeyboardViewController.swift in Sources */ = {isa = PBXBuildFile; fileRef = 50DC5B4A2A5B4850003119E8 /* KeyboardViewController.swift */; };
		50DC5B4F2A5B4850003119E8 /* keepLang.appex in Embed Foundation Extensions */ = {isa = PBXBuildFile; fileRef = 50DC5B482A5B4850003119E8 /* keepLang.appex */; settings = {ATTRIBUTES = (RemoveHeadersOnCopy, ); }; };
/* End PBXBuildFile section */

/* Begin PBXContainerItemProxy section */
		50DC5B4D2A5B4850003119E8 /* PBXContainerItemProxy */ = {
			isa = PBXContainerItemProxy;
			containerPortal = 50DC5B2B2A5B4815003119E8 /* Project object */;
			proxyType = 1;
			remoteGlobalIDString = 50DC5B472A5B4850003119E8;
			remoteInfo = keepLang;
		};
/* End PBXContainerItemProxy section */

/* Begin PBXCopyFilesBuildPhase section */
		50DC5B532A5B4851003119E8 /* Embed Foundation Extensions */ = {
			isa = PBXCopyFilesBuildPhase;
			buildActionMask = 2147483647;
			dstPath = "";
			dstSubfolderSpec = 13;
			files = (
				50DC5B4F2A5B4850003119E8 /* keepLang.appex in Embed Foundation Extensions */,
			);
			name = "Embed Foundation Extensions";
			runOnlyForDeploymentPostprocessing = 0;
		};
/* End PBXCopyFilesBuildPhase section */

/* Begin PBXFileReference section */
		50DC5B332A5B4816003119E8 /* KeepLang.app */ = {isa = PBXFileReference; explicitFileType = wrapper.application; includeInIndex = 0; path = KeepLang.app; sourceTree = BUILT_PRODUCTS_DIR; };
		50DC5B362A5B4816003119E8 /* KeepLangApp.swift */ = {isa = PBXFileReference; lastKnownFileType = sourcecode.swift; path = KeepLangApp.swift; sourceTree = "<group>"; };
		50DC5B382A5B4816003119E8 /* ContentView.swift */ = {isa = PBXFileReference; lastKnownFileType = sourcecode.swift; path = ContentView.swift; sourceTree = "<group>"; };
		50DC5B3A2A5B481E003119E8 /* Assets.xcassets */ = {isa = PBXFileReference; lastKnownFileType = folder.assetcatalog; path = Assets.xcassets; sourceTree = "<group>"; };
		50DC5B3D2A5B481E003119E8 /* Preview Assets.xcassets */ = {isa = PBXFileReference; lastKnownFileType = folder.assetcatalog; path = "Preview Assets.xcassets"; sourceTree = "<group>"; };
		50DC5B482A5B4850003119E8 /* keepLang.appex */ = {isa = PBXFileReference; explicitFileType = "wrapper.app-extension"; includeInIndex = 0; path = keepLang.appex; sourceTree = BUILT_PRODUCTS_DIR; };
		50DC5B4A2A5B4850003119E8 /* KeyboardViewController.swift */ = {isa = PBXFileReference; lastKnownFileType = sourcecode.swift; path = KeyboardViewController.swift; sourceTree = "<group>"; };
		50DC5B4C2A5B4850003119E8 /* Info.plist */ = {isa = PBXFileReference; lastKnownFileType = text.plist.xml; path = Info.plist; sourceTree = "<group>"; };
/* End PBXFileReference section */

/* Begin PBXFrameworksBuildPhase section */
		50DC5B302A5B4815003119E8 /* Frameworks */ = {
			isa = PBXFrameworksBuildPhase;
			buildActionMask = 2147483647;
			files = (
			);
			runOnlyForDeploymentPostprocessing = 0;
		};
		50DC5B452A5B4850003119E8 /* Frameworks */ = {
			isa = PBXFrameworksBuildPhase;
			buildActionMask = 2147483647;
			files = (
			);
			runOnlyForDeploymentPostprocessing = 0;
		};
/* End PBXFrameworksBuildPhase section */

/* Begin PBXGroup section */
		50DC5B2A2A5B4815003119E8 = {
			isa = PBXGroup;
			children = (
				50DC5B352A5B4816003119E8 /* KeepLang */,
				50DC5B492A5B4850003119E8 /* keepLang */,
				50DC5B342A5B4816003119E8 /* Products */,
			);
			sourceTree = "<group>";
		};
		50DC5B342A5B4816003119E8 /* Products */ = {
			isa = PBXGroup;
			children = (
				50DC5B332A5B4816003119E8 /* KeepLang.app */,
				50DC5B482A5B4850003119E8 /* keepLang.appex */,
			);
			name = Products;
			sourceTree = "<group>";
		};
		50DC5B352A5B4816003119E8 /* KeepLang */ = {
			isa = PBXGroup;
			children = (
				50DC5B362A5B4816003119E8 /* KeepLangApp.swift */,
				50DC5B382A5B4816003119E8 /* ContentView.swift */,
				50DC5B3A2A5B481E003119E8 /* Assets.xcassets */,
				50DC5B3C2A5B481E003119E8 /* Preview Content */,
			);
			path = KeepLang;
			sourceTree = "<group>";
		};
		50DC5B3C2A5B481E003119E8 /* Preview Content */ = {
			isa = PBXGroup;
			children = (
				50DC5B3D2A5B481E003119E8 /* Preview Assets.xcassets */,
			);
			path = "Preview Content";
			sourceTree = "<group>";
		};
		50DC5B492A5B4850003119E8 /* keepLang */ = {
			isa = PBXGroup;
			children = (
				50DC5B4A2A5B4850003119E8 /* KeyboardViewController.swift */,
				50DC5B4C2A5B4850003119E8 /* Info.plist */,
			);
			path = keepLang;
			sourceTree = "<group>";
		};
/* End PBXGroup section */

/* Begin PBXNativeTarget section */
		50DC5B322A5B4815003119E8 /* KeepLang */ = {
			isa = PBXNativeTarget;
			buildConfigurationList = 50DC5B412A5B481E003119E8 /* Build configuration list for PBXNativeTarget "KeepLang" */;
			buildPhases = (
				50DC5B2F2A5B4815003119E8 /* Sources */,
				50DC5B302A5B4815003119E8 /* Frameworks */,
				50DC5B312A5B4815003119E8 /* Resources */,
				50DC5B532A5B4851003119E8 /* Embed Foundation Extensions */,
			);
			buildRules = (
			);
			dependencies = (
				50DC5B4E2A5B4850003119E8 /* PBXTargetDependency */,
			);
			name = KeepLang;
			productName = KeepLang;
			productReference = 50DC5B332A5B4816003119E8 /* KeepLang.app */;
			productType = "com.apple.product-type.application";
		};
		50DC5B472A5B4850003119E8 /* keepLang */ = {
			isa = PBXNativeTarget;
			buildConfigurationList = 50DC5B502A5B4851003119E8 /* Build configuration list for PBXNativeTarget "keepLang" */;
			buildPhases = (
				50DC5B442A5B4850003119E8 /* Sources */,
				50DC5B452A5B4850003119E8 /* Frameworks */,
				50DC5B462A5B4850003119E8 /* Resources */,
			);
			buildRules = (
			);
			dependencies = (
			);
			name = keepLang;
			productName = keepLang;
			productReference = 50DC5B482A5B4850003119E8 /* keepLang.appex */;
			productType = "com.apple.product-type.app-extension";
		};
/* End PBXNativeTarget section */

/* Begin PBXProject section */
		50DC5B2B2A5B4815003119E8 /* Project object */ = {
			isa = PBXProject;
			attributes = {
				BuildIndependentTargetsInParallel = 1;
				LastSwiftUpdateCheck = 1430;
				LastUpgradeCheck = 1430;
				TargetAttributes = {
					50DC5B322A5B4815003119E8 = {
						CreatedOnToolsVersion = 14.3.1;
					};
					50DC5B472A5B4850003119E8 = {
						CreatedOnToolsVersion = 14.3.1;
					};
				};
			};
			buildConfigurationList = 50DC5B2E2A5B4815003119E8 /* Build configuration list for PBXProject "KeepLang" */;
			compatibilityVersion = "Xcode 14.0";
			developmentRegion = en;
			hasScannedForEncodings = 0;
			knownRegions = (
				en,
				Base,
			);
			mainGroup = 50DC5B2A2A5B4815003119E8;
			productRefGroup = 50DC5B342A5B4816003119E8 /* Products */;
			projectDirPath = "";
			projectRoot = "";
			targets = (
				50DC5B322A5B4815003119E8 /* KeepLang */,
				50DC5B472A5B4850003119E8 /* keepLang */,
			);
		};
/* End PBXProject section */

/* Begin PBXResourcesBuildPhase section */
		50DC5B312A5B4815003119E8 /* Resources */ = {
			isa = PBXResourcesBuildPhase;
			buildActionMask = 2147483647;
			files = (
				50DC5B3E2A5B481E003119E8 /* Preview Assets.xcassets in Resources */,
				50DC5B3B2A5B481E003119E8 /* Assets.xcassets in Resources */,
			);
			runOnlyForDeploymentPostprocessing = 0;
		};
		50DC5B462A5B4850003119E8 /* Resources */ = {
			isa = PBXResourcesBuildPhase;
			buildActionMask = 2147483647;
			files = (
			);
			runOnlyForDeploymentPostprocessing = 0;
		};
/* End PBXResourcesBuildPhase section */

/* Begin PBXSourcesBuildPhase section */
		50DC5B2F2A5B4815003119E8 /* Sources */ = {
			isa = PBXSourcesBuildPhase;
			buildActionMask = 2147483647;
			files = (
				50DC5B392A5B4816003119E8 /* ContentView.swift in Sources */,
				50DC5B372A5B4816003119E8 /* KeepLangApp.swift in Sources */,
			);
			runOnlyForDeploymentPostprocessing = 0;
		};
		50DC5B442A5B4850003119E8 /* Sources */ = {
			isa = PBXSourcesBuildPhase;
			buildActionMask = 2147483647;
			files = (
				50DC5B4B2A5B4850003119E8 /* KeyboardViewController.swift in Sources */,
			);
			runOnlyForDeploymentPostprocessing = 0;
		};
/* End PBXSourcesBuildPhase section */

/* Begin PBXTargetDependency section */
		50DC5B4E2A5B4850003119E8 /* PBXTargetDependency */ = {
			isa = PBXTargetDependency;
			target = 50DC5B472A5B4850003119E8 /* keepLang */;
			targetProxy = 50DC5B4D2A5B4850003119E8 /* PBXContainerItemProxy */;
		};
/* End PBXTargetDependency section */

/* Begin XCBuildConfiguration section */
		50DC5B3F2A5B481E003119E8 /* Debug */ = {
			isa = XCBuildConfiguration;
			buildSettings = {
				ALWAYS_SEARCH_USER_PATHS = NO;
				CLANG_ANALYZER_NONNULL = YES;
				CLANG_ANALYZER_NUMBER_OBJECT_CONVERSION = YES_AGGRESSIVE;
				CLANG_CXX_LANGUAGE_STANDARD = "gnu++20";
				CLANG_ENABLE_MODULES = YES;
				CLANG_ENABLE_OBJC_ARC = YES;
				CLANG_ENABLE_OBJC_WEAK = YES;
				CLANG_WARN_BLOCK_CAPTURE_AUTORELEASING = YES;
				CLANG_WARN_BOOL_CONVERSION = YES;
				CLANG_WARN_COMMA = YES;
				CLANG_WARN_CONSTANT_CONVERSION = YES;
				CLANG_WARN_DEPRECATED_OBJC_IMPLEMENTATIONS = YES;
				CLANG_WARN_DIRECT_OBJC_ISA_USAGE = YES_ERROR;
				CLANG_WARN_DOCUMENTATION_COMMENTS = YES;
				CLANG_WARN_EMPTY_BODY = YES;
				CLANG_WARN_ENUM_CONVERSION = YES;
				CLANG_WARN_INFINITE_RECURSION = YES;
				CLANG_WARN_INT_CONVERSION = YES;
				CLANG_WARN_NON_LITERAL_NULL_CONVERSION = YES;
				CLANG_WARN_OBJC_IMPLICIT_RETAIN_SELF = YES;
				CLANG_WARN_OBJC_LITERAL_CONVERSION = YES;
				CLANG_WARN_OBJC_ROOT_CLASS = YES_ERROR;
				CLANG_WARN_QUOTED_INCLUDE_IN_FRAMEWORK_HEADER = YES;
				CLANG_WARN_RANGE_LOOP_ANALYSIS = YES;
				CLANG_WARN_STRICT_PROTOTYPES = YES;
				CLANG_WARN_SUSPICIOUS_MOVE = YES;
				CLANG_WARN_UNGUARDED_AVAILABILITY = YES_AGGRESSIVE;
				CLANG_WARN_UNREACHABLE_CODE = YES;
				CLANG_WARN__DUPLICATE_METHOD_MATCH = YES;
				COPY_PHASE_STRIP = NO;
				DEBUG_INFORMATION_FORMAT = dwarf;
				ENABLE_STRICT_OBJC_MSGSEND = YES;
				ENABLE_TESTABILITY = YES;
				GCC_C_LANGUAGE_STANDARD = gnu11;
				GCC_DYNAMIC_NO_PIC = NO;
				GCC_NO_COMMON_BLOCKS = YES;
				GCC_OPTIMIZATION_LEVEL = 0;
				GCC_PREPROCESSOR_DEFINITIONS = (
					"DEBUG=1",
					"$(inherited)",
				);
				GCC_WARN_64_TO_32_BIT_CONVERSION = YES;
				GCC_WARN_ABOUT_RETURN_TYPE = YES_ERROR;
				GCC_WARN_UNDECLARED_SELECTOR = YES;
				GCC_WARN_UNINITIALIZED_AUTOS = YES_AGGRESSIVE;
				GCC_WARN_UNUSED_FUNCTION = YES;
				GCC_WARN_UNUSED_VARIABLE = YES;
				IPHONEOS_DEPLOYMENT_TARGET = 16.4;
				MTL_ENABLE_DEBUG_INFO = INCLUDE_SOURCE;
				MTL_FAST_MATH = YES;
				ONLY_ACTIVE_ARCH = YES;
				SDKROOT = iphoneos;
				SWIFT_ACTIVE_COMPILATION_CONDITIONS = DEBUG;
				SWIFT_OPTIMIZATION_LEVEL = "-Onone";
			};
			name = Debug;
		};
		50DC5B402A5B481E003119E8 /* Release */ = {
			isa = XCBuildConfiguration;
			buildSettings = {
				ALWAYS_SEARCH_USER_PATHS = NO;
				CLANG_ANALYZER_NONNULL = YES;
				CLANG_ANALYZER_NUMBER_OBJECT_CONVERSION = YES_AGGRESSIVE;
				CLANG_CXX_LANGUAGE_STANDARD = "gnu++20";
				CLANG_ENABLE_MODULES = YES;
				CLANG_ENABLE_OBJC_ARC = YES;
				CLANG_ENABLE_OBJC_WEAK = YES;
				CLANG_WARN_BLOCK_CAPTURE_AUTORELEASING = YES;
				CLANG_WARN_BOOL_CONVERSION = YES;
				CLANG_WARN_COMMA = YES;
				CLANG_WARN_CONSTANT_CONVERSION = YES;
				CLANG_WARN_DEPRECATED_OBJC_IMPLEMENTATIONS = YES;
				CLANG_WARN_DIRECT_OBJC_ISA_USAGE = YES_ERROR;
				CLANG_WARN_DOCUMENTATION_COMMENTS = YES;
				CLANG_WARN_EMPTY_BODY = YES;
				CLANG_WARN_ENUM_CONVERSION = YES;
				CLANG_WARN_INFINITE_RECURSION = YES;
				CLANG_WARN_INT_CONVERSION = YES;
				CLANG_WARN_NON_LITERAL_NULL_CONVERSION = YES;
				CLANG_WARN_OBJC_IMPLICIT_RETAIN_SELF = YES;
				CLANG_WARN_OBJC_LITERAL_CONVERSION = YES;
				CLANG_WARN_OBJC_ROOT_CLASS = YES_ERROR;
				CLANG_WARN_QUOTED_INCLUDE_IN_FRAMEWORK_HEADER = YES;
				CLANG_WARN_RANGE_LOOP_ANALYSIS = YES;
				CLANG_WARN_STRICT_PROTOTYPES = YES;
				CLANG_WARN_SUSPICIOUS_MOVE = YES;
				CLANG_WARN_UNGUARDED_AVAILABILITY = YES_AGGRESSIVE;
				CLANG_WARN_UNREACHABLE_CODE = YES;
				CLANG_WARN__DUPLICATE_METHOD_MATCH = YES;
				COPY_PHASE_STRIP = NO;
				DEBUG_INFORMATION_FORMAT = "dwarf-with-dsym";
				ENABLE_NS_ASSERTIONS = NO;
				ENABLE_STRICT_OBJC_MSGSEND = YES;
				GCC_C_LANGUAGE_STANDARD = gnu11;
				GCC_NO_COMMON_BLOCKS = YES;
				GCC_WARN_64_TO_32_BIT_CONVERSION = YES;
				GCC_WARN_ABOUT_RETURN_TYPE = YES_ERROR;
				GCC_WARN_UNDECLARED_SELECTOR = YES;
				GCC_WARN_UNINITIALIZED_AUTOS = YES_AGGRESSIVE;
				GCC_WARN_UNUSED_FUNCTION = YES;
				GCC_WARN_UNUSED_VARIABLE = YES;
				IPHONEOS_DEPLOYMENT_TARGET = 16.4;
				MTL_ENABLE_DEBUG_INFO = NO;
				MTL_FAST_MATH = YES;
				SDKROOT = iphoneos;
				SWIFT_COMPILATION_MODE = wholemodule;
				SWIFT_OPTIMIZATION_LEVEL = "-O";
				VALIDATE_PRODUCT = YES;
			};
			name = Release;
		};
		50DC5B422A5B481E003119E8 /* Debug */ = {
			isa = XCBuildConfiguration;
			buildSettings = {
				ALWAYS_EMBED_SWIFT_STANDARD_LIBRARIES = YES;
				ASSETCATALOG_COMPILER_APPICON_NAME = AppIcon;
				ASSETCATALOG_COMPILER_GLOBAL_ACCENT_COLOR_NAME = AccentColor;
				CODE_SIGN_STYLE = Automatic;
				CURRENT_PROJECT_VERSION = 1;
				DEVELOPMENT_ASSET_PATHS = "\"KeepLang/Preview Content\"";
				DEVELOPMENT_TEAM = NRTGJB9J65;
				ENABLE_PREVIEWS = YES;
				GENERATE_INFOPLIST_FILE = YES;
				INFOPLIST_KEY_UIApplicationSceneManifest_Generation = YES;
				INFOPLIST_KEY_UIApplicationSupportsIndirectInputEvents = YES;
				INFOPLIST_KEY_UILaunchScreen_Generation = YES;
				INFOPLIST_KEY_UISupportedInterfaceOrientations_iPad = "UIInterfaceOrientationPortrait UIInterfaceOrientationPortraitUpsideDown UIInterfaceOrientationLandscapeLeft UIInterfaceOrientationLandscapeRight";
				INFOPLIST_KEY_UISupportedInterfaceOrientations_iPhone = "UIInterfaceOrientationPortrait UIInterfaceOrientationLandscapeLeft UIInterfaceOrientationLandscapeRight";
				LD_RUNPATH_SEARCH_PATHS = (
					"$(inherited)",
					"@executable_path/Frameworks",
				);
				MARKETING_VERSION = 1.0;
				PRODUCT_BUNDLE_IDENTIFIER = com.Morphicode.KeepLang;
				PRODUCT_NAME = "$(TARGET_NAME)";
				SWIFT_EMIT_LOC_STRINGS = YES;
				SWIFT_VERSION = 5.0;
				TARGETED_DEVICE_FAMILY = "1,2";
			};
			name = Debug;
		};
		50DC5B432A5B481E003119E8 /* Release */ = {
			isa = XCBuildConfiguration;
			buildSettings = {
				ALWAYS_EMBED_SWIFT_STANDARD_LIBRARIES = YES;
				ASSETCATALOG_COMPILER_APPICON_NAME = AppIcon;
				ASSETCATALOG_COMPILER_GLOBAL_ACCENT_COLOR_NAME = AccentColor;
				CODE_SIGN_STYLE = Automatic;
				CURRENT_PROJECT_VERSION = 1;
				DEVELOPMENT_ASSET_PATHS = "\"KeepLang/Preview Content\"";
				DEVELOPMENT_TEAM = NRTGJB9J65;
				ENABLE_PREVIEWS = YES;
				GENERATE_INFOPLIST_FILE = YES;
				INFOPLIST_KEY_UIApplicationSceneManifest_Generation = YES;
				INFOPLIST_KEY_UIApplicationSupportsIndirectInputEvents = YES;
				INFOPLIST_KEY_UILaunchScreen_Generation = YES;
				INFOPLIST_KEY_UISupportedInterfaceOrientations_iPad = "UIInterfaceOrientationPortrait UIInterfaceOrientationPortraitUpsideDown UIInterfaceOrientationLandscapeLeft UIInterfaceOrientationLandscapeRight";
				INFOPLIST_KEY_UISupportedInterfaceOrientations_iPhone = "UIInterfaceOrientationPortrait UIInterfaceOrientationLandscapeLeft UIInterfaceOrientationLandscapeRight";
				LD_RUNPATH_SEARCH_PATHS = (
					"$(inherited)",
					"@executable_path/Frameworks",
				);
				MARKETING_VERSION = 1.0;
				PRODUCT_BUNDLE_IDENTIFIER = com.Morphicode.KeepLang;
				PRODUCT_NAME = "$(TARGET_NAME)";
				SWIFT_EMIT_LOC_STRINGS = YES;
				SWIFT_VERSION = 5.0;
				TARGETED_DEVICE_FAMILY = "1,2";
			};
			name = Release;
		};
		50DC5B512A5B4851003119E8 /* Debug */ = {
			isa = XCBuildConfiguration;
			buildSettings = {
				CODE_SIGN_STYLE = Automatic;
				CURRENT_PROJECT_VERSION = 1;
				DEVELOPMENT_TEAM = NRTGJB9J65;
				GENERATE_INFOPLIST_FILE = YES;
				INFOPLIST_FILE = keepLang/Info.plist;
				INFOPLIST_KEY_CFBundleDisplayName = keepLang;
				INFOPLIST_KEY_NSHumanReadableCopyright = "";
				LD_RUNPATH_SEARCH_PATHS = (
					"$(inherited)",
					"@executable_path/Frameworks",
					"@executable_path/../../Frameworks",
				);
				MARKETING_VERSION = 1.0;
				PRODUCT_BUNDLE_IDENTIFIER = com.Morphicode.KeepLang.keepLang;
				PRODUCT_NAME = "$(TARGET_NAME)";
				SKIP_INSTALL = YES;
				SWIFT_EMIT_LOC_STRINGS = YES;
				SWIFT_VERSION = 5.0;
				TARGETED_DEVICE_FAMILY = "1,2";
			};
			name = Debug;
		};
		50DC5B522A5B4851003119E8 /* Release */ = {
			isa = XCBuildConfiguration;
			buildSettings = {
				CODE_SIGN_STYLE = Automatic;
				CURRENT_PROJECT_VERSION = 1;
				DEVELOPMENT_TEAM = NRTGJB9J65;
				GENERATE_INFOPLIST_FILE = YES;
				INFOPLIST_FILE = keepLang/Info.plist;
				INFOPLIST_KEY_CFBundleDisplayName = keepLang;
				INFOPLIST_KEY_NSHumanReadableCopyright = "";
				LD_RUNPATH_SEARCH_PATHS = (
					"$(inherited)",
					"@executable_path/Frameworks",
					"@executable_path/../../Frameworks",
				);
				MARKETING_VERSION = 1.0;
				PRODUCT_BUNDLE_IDENTIFIER = com.Morphicode.KeepLang.keepLang;
				PRODUCT_NAME = "$(TARGET_NAME)";
				SKIP_INSTALL = YES;
				SWIFT_EMIT_LOC_STRINGS = YES;
				SWIFT_VERSION = 5.0;
				TARGETED_DEVICE_FAMILY = "1,2";
			};
			name = Release;
		};
/* End XCBuildConfiguration section */

/* Begin XCConfigurationList section */
		50DC5B2E2A5B4815003119E8 /* Build configuration list for PBXProject "KeepLang" */ = {
			isa = XCConfigurationList;
			buildConfigurations = (
				50DC5B3F2A5B481E003119E8 /* Debug */,
				50DC5B402A5B481E003119E8 /* Release */,
			);
			defaultConfigurationIsVisible = 0;
			defaultConfigurationName = Release;
		};
		50DC5B412A5B481E003119E8 /* Build configuration list for PBXNativeTarget "KeepLang" */ = {
			isa = XCConfigurationList;
			buildConfigurations = (
				50DC5B422A5B481E003119E8 /* Debug */,
				50DC5B432A5B481E003119E8 /* Release */,
			);
			defaultConfigurationIsVisible = 0;
			defaultConfigurationName = Release;
		};
		50DC5B502A5B4851003119E8 /* Build configuration list for PBXNativeTarget "keepLang" */ = {
			isa = XCConfigurationList;
			buildConfigurations = (
				50DC5B512A5B4851003119E8 /* Debug */,
				50DC5B522A5B4851003119E8 /* Release */,
			);
			defaultConfigurationIsVisible = 0;
			defaultConfigurationName = Release;
		};
/* End XCConfigurationList section */
	};
	rootObject = 50DC5B2B2A5B4815003119E8 /* Project object */;
}
